
Microsoft Visual Studio Solution File, Format Version 12.00
# Visual Studio Version 17
VisualStudioVersion = 17.0.31903.59
MinimumVisualStudioVersion = 10.0.40219.1
Project("{FAE04EC0-301F-11D3-BF4B-00C04F79EFBC}") = "API", "API\API.csproj", "{2AB4B200-79DC-4B1C-82C6-A7FE2FF288D5}"
EndProject
Project("{FAE04EC0-301F-11D3-BF4B-00C04F79EFBC}") = "Core", "Core\Core.csproj", "{FAAC3E37-31F9-4B27-BF7F-AA4FC0735FF2}"
EndProject
Project("{FAE04EC0-301F-11D3-BF4B-00C04F79EFBC}") = "Infrastructure", "Infrastructure\Infrastructure.csproj", "{BEEA555F-88D5-427E-B41C-59BBF8C8E678}"
EndProject
Global
	GlobalSection(SolutionConfigurationPlatforms) = preSolution
		Debug|Any CPU = Debug|Any CPU
		Release|Any CPU = Release|Any CPU
	EndGlobalSection
	GlobalSection(SolutionProperties) = preSolution
		HideSolutionNode = FALSE
	EndGlobalSection
	GlobalSection(ProjectConfigurationPlatforms) = postSolution
		{2AB4B200-79DC-4B1C-82C6-A7FE2FF288D5}.Debug|Any CPU.ActiveCfg = Debug|Any CPU
		{2AB4B200-79DC-4B1C-82C6-A7FE2FF288D5}.Debug|Any CPU.Build.0 = Debug|Any CPU
		{2AB4B200-79DC-4B1C-82C6-A7FE2FF288D5}.Release|Any CPU.ActiveCfg = Release|Any CPU
		{2AB4B200-79DC-4B1C-82C6-A7FE2FF288D5}.Release|Any CPU.Build.0 = Release|Any CPU
		{FAAC3E37-31F9-4B27-BF7F-AA4FC0735FF2}.Debug|Any CPU.ActiveCfg = Debug|Any CPU
		{FAAC3E37-31F9-4B27-BF7F-AA4FC0735FF2}.Debug|Any CPU.Build.0 = Debug|Any CPU
		{FAAC3E37-31F9-4B27-BF7F-AA4FC0735FF2}.Release|Any CPU.ActiveCfg = Release|Any CPU
		{FAAC3E37-31F9-4B27-BF7F-AA4FC0735FF2}.Release|Any CPU.Build.0 = Release|Any CPU
		{BEEA555F-88D5-427E-B41C-59BBF8C8E678}.Debug|Any CPU.ActiveCfg = Debug|Any CPU
		{BEEA555F-88D5-427E-B41C-59BBF8C8E678}.Debug|Any CPU.Build.0 = Debug|Any CPU
		{BEEA555F-88D5-427E-B41C-59BBF8C8E678}.Release|Any CPU.ActiveCfg = Release|Any CPU
		{BEEA555F-88D5-427E-B41C-59BBF8C8E678}.Release|Any CPU.Build.0 = Release|Any CPU
	EndGlobalSection
EndGlobal
